// !$*UTF8*$!
{
	archiveVersion = 1;
	classes = {
	};
	objectVersion = 46;
	objects = {

/* Begin PBXBuildFile section */
		0322460919D80770009AC4C3 /* main.m in Sources */ = {isa = PBXBuildFile; fileRef = 0322460819D80770009AC4C3 /* main.m */; };
		0322460C19D80770009AC4C3 /* AppDelegate.m in Sources */ = {isa = PBXBuildFile; fileRef = 0322460B19D80770009AC4C3 /* AppDelegate.m */; };
		0322460F19D80770009AC4C3 /* ViewController.m in Sources */ = {isa = PBXBuildFile; fileRef = 0322460E19D80770009AC4C3 /* ViewController.m */; };
		0322461219D80770009AC4C3 /* Main.storyboard in Resources */ = {isa = PBXBuildFile; fileRef = 0322461019D80770009AC4C3 /* Main.storyboard */; };
		0322461419D80770009AC4C3 /* Images.xcassets in Resources */ = {isa = PBXBuildFile; fileRef = 0322461319D80770009AC4C3 /* Images.xcassets */; };
		0322461719D80770009AC4C3 /* LaunchScreen.xib in Resources */ = {isa = PBXBuildFile; fileRef = 0322461519D80770009AC4C3 /* LaunchScreen.xib */; };
		0322462319D80770009AC4C3 /* xiaojiaziTests.m in Sources */ = {isa = PBXBuildFile; fileRef = 0322462219D80770009AC4C3 /* xiaojiaziTests.m */; };
/* End PBXBuildFile section */

/* Begin PBXContainerItemProxy section */
		0322461D19D80770009AC4C3 /* PBXContainerItemProxy */ = {
			isa = PBXContainerItemProxy;
			containerPortal = 032245FB19D80770009AC4C3 /* Project object */;
			proxyType = 1;
			remoteGlobalIDString = 0322460219D80770009AC4C3;
			remoteInfo = xiaojiazi;
		};
/* End PBXContainerItemProxy section */

/* Begin PBXFileReference section */
		0322460319D80770009AC4C3 /* xiaojiazi.app */ = {isa = PBXFileReference; explicitFileType = wrapper.application; includeInIndex = 0; path = xiaojiazi.app; sourceTree = BUILT_PRODUCTS_DIR; };
		0322460719D80770009AC4C3 /* Info.plist */ = {isa = PBXFileReference; lastKnownFileType = text.plist.xml; path = Info.plist; sourceTree = "<group>"; };
		0322460819D80770009AC4C3 /* main.m */ = {isa = PBXFileReference; lastKnownFileType = sourcecode.c.objc; path = main.m; sourceTree = "<group>"; };
		0322460A19D80770009AC4C3 /* AppDelegate.h */ = {isa = PBXFileReference; lastKnownFileType = sourcecode.c.h; path = AppDelegate.h; sourceTree = "<group>"; };
		0322460B19D80770009AC4C3 /* AppDelegate.m */ = {isa = PBXFileReference; lastKnownFileType = sourcecode.c.objc; path = AppDelegate.m; sourceTree = "<group>"; };
		0322460D19D80770009AC4C3 /* ViewController.h */ = {isa = PBXFileReference; lastKnownFileType = sourcecode.c.h; path = ViewController.h; sourceTree = "<group>"; };
		0322460E19D80770009AC4C3 /* ViewController.m */ = {isa = PBXFileReference; lastKnownFileType = sourcecode.c.objc; path = ViewController.m; sourceTree = "<group>"; };
		0322461119D80770009AC4C3 /* Base */ = {isa = PBXFileReference; lastKnownFileType = file.storyboard; name = Base; path = Base.lproj/Main.storyboard; sourceTree = "<group>"; };
		0322461319D80770009AC4C3 /* Images.xcassets */ = {isa = PBXFileReference; lastKnownFileType = folder.assetcatalog; path = Images.xcassets; sourceTree = "<group>"; };
		0322461619D80770009AC4C3 /* Base */ = {isa = PBXFileReference; lastKnownFileType = file.xib; name = Base; path = Base.lproj/LaunchScreen.xib; sourceTree = "<group>"; };
		0322461C19D80770009AC4C3 /* xiaojiaziTests.xctest */ = {isa = PBXFileReference; explicitFileType = wrapper.cfbundle; includeInIndex = 0; path = xiaojiaziTests.xctest; sourceTree = BUILT_PRODUCTS_DIR; };
		0322462119D80770009AC4C3 /* Info.plist */ = {isa = PBXFileReference; lastKnownFileType = text.plist.xml; path = Info.plist; sourceTree = "<group>"; };
		0322462219D80770009AC4C3 /* xiaojiaziTests.m */ = {isa = PBXFileReference; lastKnownFileType = sourcecode.c.objc; path = xiaojiaziTests.m; sourceTree = "<group>"; };
/* End PBXFileReference section */

/* Begin PBXFrameworksBuildPhase section */
		0322460019D80770009AC4C3 /* Frameworks */ = {
			isa = PBXFrameworksBuildPhase;
			buildActionMask = 2147483647;
			files = (
			);
			runOnlyForDeploymentPostprocessing = 0;
		};
		0322461919D80770009AC4C3 /* Frameworks */ = {
			isa = PBXFrameworksBuildPhase;
			buildActionMask = 2147483647;
			files = (
			);
			runOnlyForDeploymentPostprocessing = 0;
		};
/* End PBXFrameworksBuildPhase section */

/* Begin PBXGroup section */
		032245FA19D80770009AC4C3 = {
			isa = PBXGroup;
			children = (
				0322460519D80770009AC4C3 /* xiaojiazi */,
				0322461F19D80770009AC4C3 /* xiaojiaziTests */,
				0322460419D80770009AC4C3 /* Products */,
			);
			sourceTree = "<group>";
		};
		0322460419D80770009AC4C3 /* Products */ = {
			isa = PBXGroup;
			children = (
				0322460319D80770009AC4C3 /* xiaojiazi.app */,
				0322461C19D80770009AC4C3 /* xiaojiaziTests.xctest */,
			);
			name = Products;
			sourceTree = "<group>";
		};
		0322460519D80770009AC4C3 /* xiaojiazi */ = {
			isa = PBXGroup;
			children = (
				0322460A19D80770009AC4C3 /* AppDelegate.h */,
				0322460B19D80770009AC4C3 /* AppDelegate.m */,
				0322460D19D80770009AC4C3 /* ViewController.h */,
				0322460E19D80770009AC4C3 /* ViewController.m */,
				0322461019D80770009AC4C3 /* Main.storyboard */,
				0322461319D80770009AC4C3 /* Images.xcassets */,
				0322461519D80770009AC4C3 /* LaunchScreen.xib */,
				0322460619D80770009AC4C3 /* Supporting Files */,
			);
			path = xiaojiazi;
			sourceTree = "<group>";
		};
		0322460619D80770009AC4C3 /* Supporting Files */ = {
			isa = PBXGroup;
			children = (
				0322460719D80770009AC4C3 /* Info.plist */,
				0322460819D80770009AC4C3 /* main.m */,
			);
			name = "Supporting Files";
			sourceTree = "<group>";
		};
		0322461F19D80770009AC4C3 /* xiaojiaziTests */ = {
			isa = PBXGroup;
			children = (
				0322462219D80770009AC4C3 /* xiaojiaziTests.m */,
				0322462019D80770009AC4C3 /* Supporting Files */,
			);
			path = xiaojiaziTests;
			sourceTree = "<group>";
		};
		0322462019D80770009AC4C3 /* Supporting Files */ = {
			isa = PBXGroup;
			children = (
				0322462119D80770009AC4C3 /* Info.plist */,
			);
			name = "Supporting Files";
			sourceTree = "<group>";
		};
/* End PBXGroup section */

/* Begin PBXNativeTarget section */
		0322460219D80770009AC4C3 /* xiaojiazi */ = {
			isa = PBXNativeTarget;
			buildConfigurationList = 0322462619D80770009AC4C3 /* Build configuration list for PBXNativeTarget "xiaojiazi" */;
			buildPhases = (
				032245FF19D80770009AC4C3 /* Sources */,
				0322460019D80770009AC4C3 /* Frameworks */,
				0322460119D80770009AC4C3 /* Resources */,
			);
			buildRules = (
			);
			dependencies = (
			);
			name = xiaojiazi;
			productName = xiaojiazi;
			productReference = 0322460319D80770009AC4C3 /* xiaojiazi.app */;
			productType = "com.apple.product-type.application";
		};
		0322461B19D80770009AC4C3 /* xiaojiaziTests */ = {
			isa = PBXNativeTarget;
			buildConfigurationList = 0322462919D80770009AC4C3 /* Build configuration list for PBXNativeTarget "xiaojiaziTests" */;
			buildPhases = (
				0322461819D80770009AC4C3 /* Sources */,
				0322461919D80770009AC4C3 /* Frameworks */,
				0322461A19D80770009AC4C3 /* Resources */,
			);
			buildRules = (
			);
			dependencies = (
				0322461E19D80770009AC4C3 /* PBXTargetDependency */,
			);
			name = xiaojiaziTests;
			productName = xiaojiaziTests;
			productReference = 0322461C19D80770009AC4C3 /* xiaojiaziTests.xctest */;
			productType = "com.apple.product-type.bundle.unit-test";
		};
/* End PBXNativeTarget section */

/* Begin PBXProject section */
		032245FB19D80770009AC4C3 /* Project object */ = {
			isa = PBXProject;
			attributes = {
				LastUpgradeCheck = 0600;
				ORGANIZATIONNAME = vitrum.zhu;
				TargetAttributes = {
					0322460219D80770009AC4C3 = {
						CreatedOnToolsVersion = 6.0.1;
					};
					0322461B19D80770009AC4C3 = {
						CreatedOnToolsVersion = 6.0.1;
						TestTargetID = 0322460219D80770009AC4C3;
					};
				};
			};
			buildConfigurationList = 032245FE19D80770009AC4C3 /* Build configuration list for PBXProject "xiaojiazi" */;
			compatibilityVersion = "Xcode 3.2";
			developmentRegion = English;
			hasScannedForEncodings = 0;
			knownRegions = (
				en,
				Base,
			);
			mainGroup = 032245FA19D80770009AC4C3;
			productRefGroup = 0322460419D80770009AC4C3 /* Products */;
			projectDirPath = "";
			projectRoot = "";
			targets = (
				0322460219D80770009AC4C3 /* xiaojiazi */,
				0322461B19D80770009AC4C3 /* xiaojiaziTests */,
			);
		};
/* End PBXProject section */

/* Begin PBXResourcesBuildPhase section */
		0322460119D80770009AC4C3 /* Resources */ = {
			isa = PBXResourcesBuildPhase;
			buildActionMask = 2147483647;
			files = (
				0322461219D80770009AC4C3 /* Main.storyboard in Resources */,
				0322461719D80770009AC4C3 /* LaunchScreen.xib in Resources */,
				0322461419D80770009AC4C3 /* Images.xcassets in Resources */,
			);
			runOnlyForDeploymentPostprocessing = 0;
		};
		0322461A19D80770009AC4C3 /* Resources */ = {
			isa = PBXResourcesBuildPhase;
			buildActionMask = 2147483647;
			files = (
			);
			runOnlyForDeploymentPostprocessing = 0;
		};
/* End PBXResourcesBuildPhase section */

/* Begin PBXSourcesBuildPhase section */
		032245FF19D80770009AC4C3 /* Sources */ = {
			isa = PBXSourcesBuildPhase;
			buildActionMask = 2147483647;
			files = (
				0322460F19D80770009AC4C3 /* ViewController.m in Sources */,
				0322460C19D80770009AC4C3 /* AppDelegate.m in Sources */,
				0322460919D80770009AC4C3 /* main.m in Sources */,
			);
			runOnlyForDeploymentPostprocessing = 0;
		};
		0322461819D80770009AC4C3 /* Sources */ = {
			isa = PBXSourcesBuildPhase;
			buildActionMask = 2147483647;
			files = (
				0322462319D80770009AC4C3 /* xiaojiaziTests.m in Sources */,
			);
			runOnlyForDeploymentPostprocessing = 0;
		};
/* End PBXSourcesBuildPhase section */

/* Begin PBXTargetDependency section */
		0322461E19D80770009AC4C3 /* PBXTargetDependency */ = {
			isa = PBXTargetDependency;
			target = 0322460219D80770009AC4C3 /* xiaojiazi */;
			targetProxy = 0322461D19D80770009AC4C3 /* PBXContainerItemProxy */;
		};
/* End PBXTargetDependency section */

/* Begin PBXVariantGroup section */
		0322461019D80770009AC4C3 /* Main.storyboard */ = {
			isa = PBXVariantGroup;
			children = (
				0322461119D80770009AC4C3 /* Base */,
			);
			name = Main.storyboard;
			sourceTree = "<group>";
		};
		0322461519D80770009AC4C3 /* LaunchScreen.xib */ = {
			isa = PBXVariantGroup;
			children = (
				0322461619D80770009AC4C3 /* Base */,
			);
			name = LaunchScreen.xib;
			sourceTree = "<group>";
		};
/* End PBXVariantGroup section */

/* Begin XCBuildConfiguration section */
		0322462419D80770009AC4C3 /* Debug */ = {
			isa = XCBuildConfiguration;
			buildSettings = {
				ALWAYS_SEARCH_USER_PATHS = NO;
				CLANG_CXX_LANGUAGE_STANDARD = "gnu++0x";
				CLANG_CXX_LIBRARY = "libc++";
				CLANG_ENABLE_MODULES = YES;
				CLANG_ENABLE_OBJC_ARC = YES;
				CLANG_WARN_BOOL_CONVERSION = YES;
				CLANG_WARN_CONSTANT_CONVERSION = YES;
				CLANG_WARN_DIRECT_OBJC_ISA_USAGE = YES_ERROR;
				CLANG_WARN_EMPTY_BODY = YES;
				CLANG_WARN_ENUM_CONVERSION = YES;
				CLANG_WARN_INT_CONVERSION = YES;
				CLANG_WARN_OBJC_ROOT_CLASS = YES_ERROR;
				CLANG_WARN_UNREACHABLE_CODE = YES;
				CLANG_WARN__DUPLICATE_METHOD_MATCH = YES;
				"CODE_SIGN_IDENTITY[sdk=iphoneos*]" = "iPhone Developer";
				COPY_PHASE_STRIP = NO;
				ENABLE_STRICT_OBJC_MSGSEND = YES;
				GCC_C_LANGUAGE_STANDARD = gnu99;
				GCC_DYNAMIC_NO_PIC = NO;
				GCC_OPTIMIZATION_LEVEL = 0;
				GCC_PREPROCESSOR_DEFINITIONS = (
					"DEBUG=1",
					"$(inherited)",
				);
				GCC_SYMBOLS_PRIVATE_EXTERN = NO;
				GCC_WARN_64_TO_32_BIT_CONVERSION = YES;
				GCC_WARN_ABOUT_RETURN_TYPE = YES_ERROR;
				GCC_WARN_UNDECLARED_SELECTOR = YES;
				GCC_WARN_UNINITIALIZED_AUTOS = YES_AGGRESSIVE;
				GCC_WARN_UNUSED_FUNCTION = YES;
				GCC_WARN_UNUSED_VARIABLE = YES;
				IPHONEOS_DEPLOYMENT_TARGET = 8.0;
				MTL_ENABLE_DEBUG_INFO = YES;
				ONLY_ACTIVE_ARCH = YES;
				SDKROOT = iphoneos;
				TARGETED_DEVICE_FAMILY = "1,2";
			};
			name = Debug;
		};
		0322462519D80770009AC4C3 /* Release */ = {
			isa = XCBuildConfiguration;
			buildSettings = {
				ALWAYS_SEARCH_USER_PATHS = NO;
				CLANG_CXX_LANGUAGE_STANDARD = "gnu++0x";
				CLANG_CXX_LIBRARY = "libc++";
				CLANG_ENABLE_MODULES = YES;
				CLANG_ENABLE_OBJC_ARC = YES;
				CLANG_WARN_BOOL_CONVERSION = YES;
				CLANG_WARN_CONSTANT_CONVERSION = YES;
				CLANG_WARN_DIRECT_OBJC_ISA_USAGE = YES_ERROR;
				CLANG_WARN_EMPTY_BODY = YES;
				CLANG_WARN_ENUM_CONVERSION = YES;
				CLANG_WARN_INT_CONVERSION = YES;
				CLANG_WARN_OBJC_ROOT_CLASS = YES_ERROR;
				CLANG_WARN_UNREACHABLE_CODE = YES;
				CLANG_WARN__DUPLICATE_METHOD_MATCH = YES;
				"CODE_SIGN_IDENTITY[sdk=iphoneos*]" = "iPhone Developer";
				COPY_PHASE_STRIP = YES;
				ENABLE_NS_ASSERTIONS = NO;
				ENABLE_STRICT_OBJC_MSGSEND = YES;
				GCC_C_LANGUAGE_STANDARD = gnu99;
				GCC_WARN_64_TO_32_BIT_CONVERSION = YES;
				GCC_WARN_ABOUT_RETURN_TYPE = YES_ERROR;
				GCC_WARN_UNDECLARED_SELECTOR = YES;
				GCC_WARN_UNINITIALIZED_AUTOS = YES_AGGRESSIVE;
				GCC_WARN_UNUSED_FUNCTION = YES;
				GCC_WARN_UNUSED_VARIABLE = YES;
				IPHONEOS_DEPLOYMENT_TARGET = 8.0;
				MTL_ENABLE_DEBUG_INFO = NO;
				SDKROOT = iphoneos;
				TARGETED_DEVICE_FAMILY = "1,2";
				VALIDATE_PRODUCT = YES;
			};
			name = Release;
		};
		0322462719D80770009AC4C3 /* Debug */ = {
			isa = XCBuildConfiguration;
			buildSettings = {
				ASSETCATALOG_COMPILER_APPICON_NAME = AppIcon;
				INFOPLIST_FILE = xiaojiazi/Info.plist;
				LD_RUNPATH_SEARCH_PATHS = "$(inherited) @executable_path/Frameworks";
				PRODUCT_NAME = "$(TARGET_NAME)";
			};
			name = Debug;
		};
		0322462819D80770009AC4C3 /* Release */ = {
			isa = XCBuildConfiguration;
			buildSettings = {
				ASSETCATALOG_COMPILER_APPICON_NAME = AppIcon;
				INFOPLIST_FILE = xiaojiazi/Info.plist;
				LD_RUNPATH_SEARCH_PATHS = "$(inherited) @executable_path/Frameworks";
				PRODUCT_NAME = "$(TARGET_NAME)";
			};
			name = Release;
		};
		0322462A19D80770009AC4C3 /* Debug */ = {
			isa = XCBuildConfiguration;
			buildSettings = {
				BUNDLE_LOADER = "$(TEST_HOST)";
				FRAMEWORK_SEARCH_PATHS = (
					"$(SDKROOT)/Developer/Library/Frameworks",
					"$(inherited)",
				);
				GCC_PREPROCESSOR_DEFINITIONS = (
					"DEBUG=1",
					"$(inherited)",
				);
				INFOPLIST_FILE = xiaojiaziTests/Info.plist;
				LD_RUNPATH_SEARCH_PATHS = "$(inherited) @executable_path/Frameworks @loader_path/Frameworks";
				PRODUCT_NAME = "$(TARGET_NAME)";
				TEST_HOST = "$(BUILT_PRODUCTS_DIR)/xiaojiazi.app/xiaojiazi";
			};
			name = Debug;
		};
		0322462B19D80770009AC4C3 /* Release */ = {
			isa = XCBuildConfiguration;
			buildSettings = {
				BUNDLE_LOADER = "$(TEST_HOST)";
				FRAMEWORK_SEARCH_PATHS = (
					"$(SDKROOT)/Developer/Library/Frameworks",
					"$(inherited)",
				);
				INFOPLIST_FILE = xiaojiaziTests/Info.plist;
				LD_RUNPATH_SEARCH_PATHS = "$(inherited) @executable_path/Frameworks @loader_path/Frameworks";
				PRODUCT_NAME = "$(TARGET_NAME)";
				TEST_HOST = "$(BUILT_PRODUCTS_DIR)/xiaojiazi.app/xiaojiazi";
			};
			name = Release;
		};
/* End XCBuildConfiguration section */

/* Begin XCConfigurationList section */
		032245FE19D80770009AC4C3 /* Build configuration list for PBXProject "xiaojiazi" */ = {
			isa = XCConfigurationList;
			buildConfigurations = (
				0322462419D80770009AC4C3 /* Debug */,
				0322462519D80770009AC4C3 /* Release */,
			);
			defaultConfigurationIsVisible = 0;
			defaultConfigurationName = Release;
		};
		0322462619D80770009AC4C3 /* Build configuration list for PBXNativeTarget "xiaojiazi" */ = {
			isa = XCConfigurationList;
			buildConfigurations = (
				0322462719D80770009AC4C3 /* Debug */,
				0322462819D80770009AC4C3 /* Release */,
			);
			defaultConfigurationIsVisible = 0;
		};
		0322462919D80770009AC4C3 /* Build configuration list for PBXNativeTarget "xiaojiaziTests" */ = {
			isa = XCConfigurationList;
			buildConfigurations = (
				0322462A19D80770009AC4C3 /* Debug */,
				0322462B19D80770009AC4C3 /* Release */,
			);
			defaultConfigurationIsVisible = 0;
		};
/* End XCConfigurationList section */
	};
	rootObject = 032245FB19D80770009AC4C3 /* Project object */;
}
